// !$*UTF8*$!
{
	archiveVersion = 1;
	classes = {
	};
	objectVersion = 77;
	objects = {

/* Begin PBXContainerItemProxy section */
		175DD4DE2DCC965000048DFF /* PBXContainerItemProxy */ = {
			isa = PBXContainerItemProxy;
			containerPortal = 175DD4C82DCC964F00048DFF /* Project object */;
			proxyType = 1;
			remoteGlobalIDString = 175DD4CF2DCC964F00048DFF;
			remoteInfo = CoreLocationTest;
		};
		175DD4E82DCC965000048DFF /* PBXContainerItemProxy */ = {
			isa = PBXContainerItemProxy;
			containerPortal = 175DD4C82DCC964F00048DFF /* Project object */;
			proxyType = 1;
			remoteGlobalIDString = 175DD4CF2DCC964F00048DFF;
			remoteInfo = CoreLocationTest;
		};
/* End PBXContainerItemProxy section */

/* Begin PBXFileReference section */
		175DD4D02DCC964F00048DFF /* CoreLocationTest.app */ = {isa = PBXFileReference; explicitFileType = wrapper.application; includeInIndex = 0; path = CoreLocationTest.app; sourceTree = BUILT_PRODUCTS_DIR; };
		175DD4DD2DCC965000048DFF /* CoreLocationTestTests.xctest */ = {isa = PBXFileReference; explicitFileType = wrapper.cfbundle; includeInIndex = 0; path = CoreLocationTestTests.xctest; sourceTree = BUILT_PRODUCTS_DIR; };
		175DD4E72DCC965000048DFF /* CoreLocationTestUITests.xctest */ = {isa = PBXFileReference; explicitFileType = wrapper.cfbundle; includeInIndex = 0; path = CoreLocationTestUITests.xctest; sourceTree = BUILT_PRODUCTS_DIR; };
/* End PBXFileReference section */

/* Begin PBXFileSystemSynchronizedRootGroup section */
		175DD4D22DCC964F00048DFF /* CoreLocationTest */ = {
			isa = PBXFileSystemSynchronizedRootGroup;
			path = CoreLocationTest;
			sourceTree = "<group>";
		};
		175DD4E02DCC965000048DFF /* CoreLocationTestTests */ = {
			isa = PBXFileSystemSynchronizedRootGroup;
			path = CoreLocationTestTests;
			sourceTree = "<group>";
		};
		175DD4EA2DCC965000048DFF /* CoreLocationTestUITests */ = {
			isa = PBXFileSystemSynchronizedRootGroup;
			path = CoreLocationTestUITests;
			sourceTree = "<group>";
		};
/* End PBXFileSystemSynchronizedRootGroup section */

/* Begin PBXFrameworksBuildPhase section */
		175DD4CD2DCC964F00048DFF /* Frameworks */ = {
			isa = PBXFrameworksBuildPhase;
			buildActionMask = 2147483647;
			files = (
			);
			runOnlyForDeploymentPostprocessing = 0;
		};
		175DD4DA2DCC965000048DFF /* Frameworks */ = {
			isa = PBXFrameworksBuildPhase;
			buildActionMask = 2147483647;
			files = (
			);
			runOnlyForDeploymentPostprocessing = 0;
		};
		175DD4E42DCC965000048DFF /* Frameworks */ = {
			isa = PBXFrameworksBuildPhase;
			buildActionMask = 2147483647;
			files = (
			);
			runOnlyForDeploymentPostprocessing = 0;
		};
/* End PBXFrameworksBuildPhase section */

/* Begin PBXGroup section */
		175DD4C72DCC964F00048DFF = {
			isa = PBXGroup;
			children = (
				175DD4D22DCC964F00048DFF /* CoreLocationTest */,
				175DD4E02DCC965000048DFF /* CoreLocationTestTests */,
				175DD4EA2DCC965000048DFF /* CoreLocationTestUITests */,
				175DD4D12DCC964F00048DFF /* Products */,
			);
			sourceTree = "<group>";
		};
		175DD4D12DCC964F00048DFF /* Products */ = {
			isa = PBXGroup;
			children = (
				175DD4D02DCC964F00048DFF /* CoreLocationTest.app */,
				175DD4DD2DCC965000048DFF /* CoreLocationTestTests.xctest */,
				175DD4E72DCC965000048DFF /* CoreLocationTestUITests.xctest */,
			);
			name = Products;
			sourceTree = "<group>";
		};
/* End PBXGroup section */

/* Begin PBXNativeTarget section */
		175DD4CF2DCC964F00048DFF /* CoreLocationTest */ = {
			isa = PBXNativeTarget;
			buildConfigurationList = 175DD4F12DCC965000048DFF /* Build configuration list for PBXNativeTarget "CoreLocationTest" */;
			buildPhases = (
				175DD4CC2DCC964F00048DFF /* Sources */,
				175DD4CD2DCC964F00048DFF /* Frameworks */,
				175DD4CE2DCC964F00048DFF /* Resources */,
			);
			buildRules = (
			);
			dependencies = (
			);
			fileSystemSynchronizedGroups = (
				175DD4D22DCC964F00048DFF /* CoreLocationTest */,
			);
			name = CoreLocationTest;
			packageProductDependencies = (
			);
			productName = CoreLocationTest;
			productReference = 175DD4D02DCC964F00048DFF /* CoreLocationTest.app */;
			productType = "com.apple.product-type.application";
		};
		175DD4DC2DCC965000048DFF /* CoreLocationTestTests */ = {
			isa = PBXNativeTarget;
			buildConfigurationList = 175DD4F42DCC965000048DFF /* Build configuration list for PBXNativeTarget "CoreLocationTestTests" */;
			buildPhases = (
				175DD4D92DCC965000048DFF /* Sources */,
				175DD4DA2DCC965000048DFF /* Frameworks */,
				175DD4DB2DCC965000048DFF /* Resources */,
			);
			buildRules = (
			);
			dependencies = (
				175DD4DF2DCC965000048DFF /* PBXTargetDependency */,
			);
			fileSystemSynchronizedGroups = (
				175DD4E02DCC965000048DFF /* CoreLocationTestTests */,
			);
			name = CoreLocationTestTests;
			packageProductDependencies = (
			);
			productName = CoreLocationTestTests;
			productReference = 175DD4DD2DCC965000048DFF /* CoreLocationTestTests.xctest */;
			productType = "com.apple.product-type.bundle.unit-test";
		};
		175DD4E62DCC965000048DFF /* CoreLocationTestUITests */ = {
			isa = PBXNativeTarget;
			buildConfigurationList = 175DD4F72DCC965000048DFF /* Build configuration list for PBXNativeTarget "CoreLocationTestUITests" */;
			buildPhases = (
				175DD4E32DCC965000048DFF /* Sources */,
				175DD4E42DCC965000048DFF /* Frameworks */,
				175DD4E52DCC965000048DFF /* Resources */,
			);
			buildRules = (
			);
			dependencies = (
				175DD4E92DCC965000048DFF /* PBXTargetDependency */,
			);
			fileSystemSynchronizedGroups = (
				175DD4EA2DCC965000048DFF /* CoreLocationTestUITests */,
			);
			name = CoreLocationTestUITests;
			packageProductDependencies = (
			);
			productName = CoreLocationTestUITests;
			productReference = 175DD4E72DCC965000048DFF /* CoreLocationTestUITests.xctest */;
			productType = "com.apple.product-type.bundle.ui-testing";
		};
/* End PBXNativeTarget section */

/* Begin PBXProject section */
		175DD4C82DCC964F00048DFF /* Project object */ = {
			isa = PBXProject;
			attributes = {
				BuildIndependentTargetsInParallel = 1;
				LastSwiftUpdateCheck = 1630;
				LastUpgradeCheck = 1630;
				TargetAttributes = {
					175DD4CF2DCC964F00048DFF = {
						CreatedOnToolsVersion = 16.3;
					};
					175DD4DC2DCC965000048DFF = {
						CreatedOnToolsVersion = 16.3;
						TestTargetID = 175DD4CF2DCC964F00048DFF;
					};
					175DD4E62DCC965000048DFF = {
						CreatedOnToolsVersion = 16.3;
						TestTargetID = 175DD4CF2DCC964F00048DFF;
					};
				};
			};
			buildConfigurationList = 175DD4CB2DCC964F00048DFF /* Build configuration list for PBXProject "CoreLocationTest" */;
			developmentRegion = en;
			hasScannedForEncodings = 0;
			knownRegions = (
				en,
				Base,
			);
			mainGroup = 175DD4C72DCC964F00048DFF;
			minimizedProjectReferenceProxies = 1;
			preferredProjectObjectVersion = 77;
			productRefGroup = 175DD4D12DCC964F00048DFF /* Products */;
			projectDirPath = "";
			projectRoot = "";
			targets = (
				175DD4CF2DCC964F00048DFF /* CoreLocationTest */,
				175DD4DC2DCC965000048DFF /* CoreLocationTestTests */,
				175DD4E62DCC965000048DFF /* CoreLocationTestUITests */,
			);
		};
/* End PBXProject section */

/* Begin PBXResourcesBuildPhase section */
		175DD4CE2DCC964F00048DFF /* Resources */ = {
			isa = PBXResourcesBuildPhase;
			buildActionMask = 2147483647;
			files = (
			);
			runOnlyForDeploymentPostprocessing = 0;
		};
		175DD4DB2DCC965000048DFF /* Resources */ = {
			isa = PBXResourcesBuildPhase;
			buildActionMask = 2147483647;
			files = (
			);
			runOnlyForDeploymentPostprocessing = 0;
		};
		175DD4E52DCC965000048DFF /* Resources */ = {
			isa = PBXResourcesBuildPhase;
			buildActionMask = 2147483647;
			files = (
			);
			runOnlyForDeploymentPostprocessing = 0;
		};
/* End PBXResourcesBuildPhase section */

/* Begin PBXSourcesBuildPhase section */
		175DD4CC2DCC964F00048DFF /* Sources */ = {
			isa = PBXSourcesBuildPhase;
			buildActionMask = 2147483647;
			files = (
			);
			runOnlyForDeploymentPostprocessing = 0;
		};
		175DD4D92DCC965000048DFF /* Sources */ = {
			isa = PBXSourcesBuildPhase;
			buildActionMask = 2147483647;
			files = (
			);
			runOnlyForDeploymentPostprocessing = 0;
		};
		175DD4E32DCC965000048DFF /* Sources */ = {
			isa = PBXSourcesBuildPhase;
			buildActionMask = 2147483647;
			files = (
			);
			runOnlyForDeploymentPostprocessing = 0;
		};
/* End PBXSourcesBuildPhase section */

/* Begin PBXTargetDependency section */
		175DD4DF2DCC965000048DFF /* PBXTargetDependency */ = {
			isa = PBXTargetDependency;
			target = 175DD4CF2DCC964F00048DFF /* CoreLocationTest */;
			targetProxy = 175DD4DE2DCC965000048DFF /* PBXContainerItemProxy */;
		};
		175DD4E92DCC965000048DFF /* PBXTargetDependency */ = {
			isa = PBXTargetDependency;
			target = 175DD4CF2DCC964F00048DFF /* CoreLocationTest */;
			targetProxy = 175DD4E82DCC965000048DFF /* PBXContainerItemProxy */;
		};
/* End PBXTargetDependency section */

/* Begin XCBuildConfiguration section */
		175DD4EF2DCC965000048DFF /* Debug */ = {
			isa = XCBuildConfiguration;
			buildSettings = {
				ALWAYS_SEARCH_USER_PATHS = NO;
				ASSETCATALOG_COMPILER_GENERATE_SWIFT_ASSET_SYMBOL_EXTENSIONS = YES;
				CLANG_ANALYZER_NONNULL = YES;
				CLANG_ANALYZER_NUMBER_OBJECT_CONVERSION = YES_AGGRESSIVE;
				CLANG_CXX_LANGUAGE_STANDARD = "gnu++20";
				CLANG_ENABLE_MODULES = YES;
				CLANG_ENABLE_OBJC_ARC = YES;
				CLANG_ENABLE_OBJC_WEAK = YES;
				CLANG_WARN_BLOCK_CAPTURE_AUTORELEASING = YES;
				CLANG_WARN_BOOL_CONVERSION = YES;
				CLANG_WARN_COMMA = YES;
				CLANG_WARN_CONSTANT_CONVERSION = YES;
				CLANG_WARN_DEPRECATED_OBJC_IMPLEMENTATIONS = YES;
				CLANG_WARN_DIRECT_OBJC_ISA_USAGE = YES_ERROR;
				CLANG_WARN_DOCUMENTATION_COMMENTS = YES;
				CLANG_WARN_EMPTY_BODY = YES;
				CLANG_WARN_ENUM_CONVERSION = YES;
				CLANG_WARN_INFINITE_RECURSION = YES;
				CLANG_WARN_INT_CONVERSION = YES;
				CLANG_WARN_NON_LITERAL_NULL_CONVERSION = YES;
				CLANG_WARN_OBJC_IMPLICIT_RETAIN_SELF = YES;
				CLANG_WARN_OBJC_LITERAL_CONVERSION = YES;
				CLANG_WARN_OBJC_ROOT_CLASS = YES_ERROR;
				CLANG_WARN_QUOTED_INCLUDE_IN_FRAMEWORK_HEADER = YES;
				CLANG_WARN_RANGE_LOOP_ANALYSIS = YES;
				CLANG_WARN_STRICT_PROTOTYPES = YES;
				CLANG_WARN_SUSPICIOUS_MOVE = YES;
				CLANG_WARN_UNGUARDED_AVAILABILITY = YES_AGGRESSIVE;
				CLANG_WARN_UNREACHABLE_CODE = YES;
				CLANG_WARN__DUPLICATE_METHOD_MATCH = YES;
				COPY_PHASE_STRIP = NO;
				DEBUG_INFORMATION_FORMAT = dwarf;
				ENABLE_STRICT_OBJC_MSGSEND = YES;
				ENABLE_TESTABILITY = YES;
				ENABLE_USER_SCRIPT_SANDBOXING = YES;
				GCC_C_LANGUAGE_STANDARD = gnu17;
				GCC_DYNAMIC_NO_PIC = NO;
				GCC_NO_COMMON_BLOCKS = YES;
				GCC_OPTIMIZATION_LEVEL = 0;
				GCC_PREPROCESSOR_DEFINITIONS = (
					"DEBUG=1",
					"$(inherited)",
				);
				GCC_WARN_64_TO_32_BIT_CONVERSION = YES;
				GCC_WARN_ABOUT_RETURN_TYPE = YES_ERROR;
				GCC_WARN_UNDECLARED_SELECTOR = YES;
				GCC_WARN_UNINITIALIZED_AUTOS = YES_AGGRESSIVE;
				GCC_WARN_UNUSED_FUNCTION = YES;
				GCC_WARN_UNUSED_VARIABLE = YES;
				IPHONEOS_DEPLOYMENT_TARGET = 18.4;
				LOCALIZATION_PREFERS_STRING_CATALOGS = YES;
				MTL_ENABLE_DEBUG_INFO = INCLUDE_SOURCE;
				MTL_FAST_MATH = YES;
				ONLY_ACTIVE_ARCH = YES;
				SDKROOT = iphoneos;
				SWIFT_ACTIVE_COMPILATION_CONDITIONS = "DEBUG $(inherited)";
				SWIFT_OPTIMIZATION_LEVEL = "-Onone";
			};
			name = Debug;
		};
		175DD4F02DCC965000048DFF /* Release */ = {
			isa = XCBuildConfiguration;
			buildSettings = {
				ALWAYS_SEARCH_USER_PATHS = NO;
				ASSETCATALOG_COMPILER_GENERATE_SWIFT_ASSET_SYMBOL_EXTENSIONS = YES;
				CLANG_ANALYZER_NONNULL = YES;
				CLANG_ANALYZER_NUMBER_OBJECT_CONVERSION = YES_AGGRESSIVE;
				CLANG_CXX_LANGUAGE_STANDARD = "gnu++20";
				CLANG_ENABLE_MODULES = YES;
				CLANG_ENABLE_OBJC_ARC = YES;
				CLANG_ENABLE_OBJC_WEAK = YES;
				CLANG_WARN_BLOCK_CAPTURE_AUTORELEASING = YES;
				CLANG_WARN_BOOL_CONVERSION = YES;
				CLANG_WARN_COMMA = YES;
				CLANG_WARN_CONSTANT_CONVERSION = YES;
				CLANG_WARN_DEPRECATED_OBJC_IMPLEMENTATIONS = YES;
				CLANG_WARN_DIRECT_OBJC_ISA_USAGE = YES_ERROR;
				CLANG_WARN_DOCUMENTATION_COMMENTS = YES;
				CLANG_WARN_EMPTY_BODY = YES;
				CLANG_WARN_ENUM_CONVERSION = YES;
				CLANG_WARN_INFINITE_RECURSION = YES;
				CLANG_WARN_INT_CONVERSION = YES;
				CLANG_WARN_NON_LITERAL_NULL_CONVERSION = YES;
				CLANG_WARN_OBJC_IMPLICIT_RETAIN_SELF = YES;
				CLANG_WARN_OBJC_LITERAL_CONVERSION = YES;
				CLANG_WARN_OBJC_ROOT_CLASS = YES_ERROR;
				CLANG_WARN_QUOTED_INCLUDE_IN_FRAMEWORK_HEADER = YES;
				CLANG_WARN_RANGE_LOOP_ANALYSIS = YES;
				CLANG_WARN_STRICT_PROTOTYPES = YES;
				CLANG_WARN_SUSPICIOUS_MOVE = YES;
				CLANG_WARN_UNGUARDED_AVAILABILITY = YES_AGGRESSIVE;
				CLANG_WARN_UNREACHABLE_CODE = YES;
				CLANG_WARN__DUPLICATE_METHOD_MATCH = YES;
				COPY_PHASE_STRIP = NO;
				DEBUG_INFORMATION_FORMAT = "dwarf-with-dsym";
				ENABLE_NS_ASSERTIONS = NO;
				ENABLE_STRICT_OBJC_MSGSEND = YES;
				ENABLE_USER_SCRIPT_SANDBOXING = YES;
				GCC_C_LANGUAGE_STANDARD = gnu17;
				GCC_NO_COMMON_BLOCKS = YES;
				GCC_WARN_64_TO_32_BIT_CONVERSION = YES;
				GCC_WARN_ABOUT_RETURN_TYPE = YES_ERROR;
				GCC_WARN_UNDECLARED_SELECTOR = YES;
				GCC_WARN_UNINITIALIZED_AUTOS = YES_AGGRESSIVE;
				GCC_WARN_UNUSED_FUNCTION = YES;
				GCC_WARN_UNUSED_VARIABLE = YES;
				IPHONEOS_DEPLOYMENT_TARGET = 18.4;
				LOCALIZATION_PREFERS_STRING_CATALOGS = YES;
				MTL_ENABLE_DEBUG_INFO = NO;
				MTL_FAST_MATH = YES;
				SDKROOT = iphoneos;
				SWIFT_COMPILATION_MODE = wholemodule;
				VALIDATE_PRODUCT = YES;
			};
			name = Release;
		};
		175DD4F22DCC965000048DFF /* Debug */ = {
			isa = XCBuildConfiguration;
			buildSettings = {
				ASSETCATALOG_COMPILER_APPICON_NAME = AppIcon;
				ASSETCATALOG_COMPILER_GLOBAL_ACCENT_COLOR_NAME = AccentColor;
				CODE_SIGN_STYLE = Automatic;
				CURRENT_PROJECT_VERSION = 1;
				ENABLE_PREVIEWS = YES;
				GENERATE_INFOPLIST_FILE = YES;
				INFOPLIST_KEY_UIApplicationSceneManifest_Generation = YES;
				INFOPLIST_KEY_UIApplicationSupportsIndirectInputEvents = YES;
				INFOPLIST_KEY_UILaunchScreen_Generation = YES;
				INFOPLIST_KEY_UISupportedInterfaceOrientations_iPad = "UIInterfaceOrientationPortrait UIInterfaceOrientationPortraitUpsideDown UIInterfaceOrientationLandscapeLeft UIInterfaceOrientationLandscapeRight";
				INFOPLIST_KEY_UISupportedInterfaceOrientations_iPhone = "UIInterfaceOrientationPortrait UIInterfaceOrientationLandscapeLeft UIInterfaceOrientationLandscapeRight";
				LD_RUNPATH_SEARCH_PATHS = (
					"$(inherited)",
					"@executable_path/Frameworks",
				);
				MARKETING_VERSION = 1.0;
				PRODUCT_BUNDLE_IDENTIFIER = com.CoreLocationTest;
				PRODUCT_NAME = "$(TARGET_NAME)";
				SWIFT_EMIT_LOC_STRINGS = YES;
				SWIFT_VERSION = 5.0;
				TARGETED_DEVICE_FAMILY = "1,2";
			};
			name = Debug;
		};
		175DD4F32DCC965000048DFF /* Release */ = {
			isa = XCBuildConfiguration;
			buildSettings = {
				ASSETCATALOG_COMPILER_APPICON_NAME = AppIcon;
				ASSETCATALOG_COMPILER_GLOBAL_ACCENT_COLOR_NAME = AccentColor;
				CODE_SIGN_STYLE = Automatic;
				CURRENT_PROJECT_VERSION = 1;
				ENABLE_PREVIEWS = YES;
				GENERATE_INFOPLIST_FILE = YES;
				INFOPLIST_KEY_UIApplicationSceneManifest_Generation = YES;
				INFOPLIST_KEY_UIApplicationSupportsIndirectInputEvents = YES;
				INFOPLIST_KEY_UILaunchScreen_Generation = YES;
				INFOPLIST_KEY_UISupportedInterfaceOrientations_iPad = "UIInterfaceOrientationPortrait UIInterfaceOrientationPortraitUpsideDown UIInterfaceOrientationLandscapeLeft UIInterfaceOrientationLandscapeRight";
				INFOPLIST_KEY_UISupportedInterfaceOrientations_iPhone = "UIInterfaceOrientationPortrait UIInterfaceOrientationLandscapeLeft UIInterfaceOrientationLandscapeRight";
				LD_RUNPATH_SEARCH_PATHS = (
					"$(inherited)",
					"@executable_path/Frameworks",
				);
				MARKETING_VERSION = 1.0;
				PRODUCT_BUNDLE_IDENTIFIER = com.CoreLocationTest;
				PRODUCT_NAME = "$(TARGET_NAME)";
				SWIFT_EMIT_LOC_STRINGS = YES;
				SWIFT_VERSION = 5.0;
				TARGETED_DEVICE_FAMILY = "1,2";
			};
			name = Release;
		};
		175DD4F52DCC965000048DFF /* Debug */ = {
			isa = XCBuildConfiguration;
			buildSettings = {
				BUNDLE_LOADER = "$(TEST_HOST)";
				CODE_SIGN_STYLE = Automatic;
				CURRENT_PROJECT_VERSION = 1;
				GENERATE_INFOPLIST_FILE = YES;
				IPHONEOS_DEPLOYMENT_TARGET = 18.4;
				MARKETING_VERSION = 1.0;
				PRODUCT_BUNDLE_IDENTIFIER = com.CoreLocationTestTests;
				PRODUCT_NAME = "$(TARGET_NAME)";
				SWIFT_EMIT_LOC_STRINGS = NO;
				SWIFT_VERSION = 5.0;
				TARGETED_DEVICE_FAMILY = "1,2";
				TEST_HOST = "$(BUILT_PRODUCTS_DIR)/CoreLocationTest.app/$(BUNDLE_EXECUTABLE_FOLDER_PATH)/CoreLocationTest";
			};
			name = Debug;
		};
		175DD4F62DCC965000048DFF /* Release */ = {
			isa = XCBuildConfiguration;
			buildSettings = {
				BUNDLE_LOADER = "$(TEST_HOST)";
				CODE_SIGN_STYLE = Automatic;
				CURRENT_PROJECT_VERSION = 1;
				GENERATE_INFOPLIST_FILE = YES;
				IPHONEOS_DEPLOYMENT_TARGET = 18.4;
				MARKETING_VERSION = 1.0;
				PRODUCT_BUNDLE_IDENTIFIER = com.CoreLocationTestTests;
				PRODUCT_NAME = "$(TARGET_NAME)";
				SWIFT_EMIT_LOC_STRINGS = NO;
				SWIFT_VERSION = 5.0;
				TARGETED_DEVICE_FAMILY = "1,2";
				TEST_HOST = "$(BUILT_PRODUCTS_DIR)/CoreLocationTest.app/$(BUNDLE_EXECUTABLE_FOLDER_PATH)/CoreLocationTest";
			};
			name = Release;
		};
		175DD4F82DCC965000048DFF /* Debug */ = {
			isa = XCBuildConfiguration;
			buildSettings = {
				CODE_SIGN_STYLE = Automatic;
				CURRENT_PROJECT_VERSION = 1;
				GENERATE_INFOPLIST_FILE = YES;
				MARKETING_VERSION = 1.0;
				PRODUCT_BUNDLE_IDENTIFIER = com.CoreLocationTestUITests;
				PRODUCT_NAME = "$(TARGET_NAME)";
				SWIFT_EMIT_LOC_STRINGS = NO;
				SWIFT_VERSION = 5.0;
				TARGETED_DEVICE_FAMILY = "1,2";
				TEST_TARGET_NAME = CoreLocationTest;
			};
			name = Debug;
		};
		175DD4F92DCC965000048DFF /* Release */ = {
			isa = XCBuildConfiguration;
			buildSettings = {
				CODE_SIGN_STYLE = Automatic;
				CURRENT_PROJECT_VERSION = 1;
				GENERATE_INFOPLIST_FILE = YES;
				MARKETING_VERSION = 1.0;
				PRODUCT_BUNDLE_IDENTIFIER = com.CoreLocationTestUITests;
				PRODUCT_NAME = "$(TARGET_NAME)";
				SWIFT_EMIT_LOC_STRINGS = NO;
				SWIFT_VERSION = 5.0;
				TARGETED_DEVICE_FAMILY = "1,2";
				TEST_TARGET_NAME = CoreLocationTest;
			};
			name = Release;
		};
/* End XCBuildConfiguration section */

/* Begin XCConfigurationList section */
		175DD4CB2DCC964F00048DFF /* Build configuration list for PBXProject "CoreLocationTest" */ = {
			isa = XCConfigurationList;
			buildConfigurations = (
				175DD4EF2DCC965000048DFF /* Debug */,
				175DD4F02DCC965000048DFF /* Release */,
			);
			defaultConfigurationIsVisible = 0;
			defaultConfigurationName = Release;
		};
		175DD4F12DCC965000048DFF /* Build configuration list for PBXNativeTarget "CoreLocationTest" */ = {
			isa = XCConfigurationList;
			buildConfigurations = (
				175DD4F22DCC965000048DFF /* Debug */,
				175DD4F32DCC965000048DFF /* Release */,
			);
			defaultConfigurationIsVisible = 0;
			defaultConfigurationName = Release;
		};
		175DD4F42DCC965000048DFF /* Build configuration list for PBXNativeTarget "CoreLocationTestTests" */ = {
			isa = XCConfigurationList;
			buildConfigurations = (
				175DD4F52DCC965000048DFF /* Debug */,
				175DD4F62DCC965000048DFF /* Release */,
			);
			defaultConfigurationIsVisible = 0;
			defaultConfigurationName = Release;
		};
		175DD4F72DCC965000048DFF /* Build configuration list for PBXNativeTarget "CoreLocationTestUITests" */ = {
			isa = XCConfigurationList;
			buildConfigurations = (
				175DD4F82DCC965000048DFF /* Debug */,
				175DD4F92DCC965000048DFF /* Release */,
			);
			defaultConfigurationIsVisible = 0;
			defaultConfigurationName = Release;
		};
/* End XCConfigurationList section */
	};
	rootObject = 175DD4C82DCC964F00048DFF /* Project object */;
}
